
Microsoft Visual Studio Solution File, Format Version 12.00
Project("{FAE04EC0-301F-11D3-BF4B-00C04F79EFBC}") = "OOP-ObjectsAndClasses", "OOP-ObjectsAndClasses\OOP-ObjectsAndClasses.csproj", "{BB7C1A91-3778-403D-9EAC-8C2C74A396FB}"
EndProject
Global
	GlobalSection(SolutionConfigurationPlatforms) = preSolution
		Debug|Any CPU = Debug|Any CPU
		Release|Any CPU = Release|Any CPU
	EndGlobalSection
	GlobalSection(ProjectConfigurationPlatforms) = postSolution
		{BB7C1A91-3778-403D-9EAC-8C2C74A396FB}.Debug|Any CPU.ActiveCfg = Debug|Any CPU
		{BB7C1A91-3778-403D-9EAC-8C2C74A396FB}.Debug|Any CPU.Build.0 = Debug|Any CPU
		{BB7C1A91-3778-403D-9EAC-8C2C74A396FB}.Release|Any CPU.ActiveCfg = Release|Any CPU
		{BB7C1A91-3778-403D-9EAC-8C2C74A396FB}.Release|Any CPU.Build.0 = Release|Any CPU
	EndGlobalSection
EndGlobal
